
Microsoft Visual Studio Solution File, Format Version 12.00
# Visual Studio Version 17
VisualStudioVersion = 17.4.33213.308
MinimumVisualStudioVersion = 10.0.40219.1
Project("{FAE04EC0-301F-11D3-BF4B-00C04F79EFBC}") = "Motherboard_Diagnostic", "Motherboard_Diagnostic.csproj", "{3BE8AD56-DA0C-47B9-A8BB-AD5495715AFD}"
EndProject
Global
	GlobalSection(SolutionConfigurationPlatforms) = preSolution
		Debug|Any CPU = Debug|Any CPU
		Release|Any CPU = Release|Any CPU
	EndGlobalSection
	GlobalSection(ProjectConfigurationPlatforms) = postSolution
		{3BE8AD56-DA0C-47B9-A8BB-AD5495715AFD}.Debug|Any CPU.ActiveCfg = Debug|Any CPU
		{3BE8AD56-DA0C-47B9-A8BB-AD5495715AFD}.Debug|Any CPU.Build.0 = Debug|Any CPU
		{3BE8AD56-DA0C-47B9-A8BB-AD5495715AFD}.Release|Any CPU.ActiveCfg = Release|Any CPU
		{3BE8AD56-DA0C-47B9-A8BB-AD5495715AFD}.Release|Any CPU.Build.0 = Release|Any CPU
	EndGlobalSection
	GlobalSection(SolutionProperties) = preSolution
		HideSolutionNode = FALSE
	EndGlobalSection
	GlobalSection(ExtensibilityGlobals) = postSolution
		SolutionGuid = {368AC327-056C-4C12-9E9E-7829F7E56A6E}
	EndGlobalSection
EndGlobal
